
Microsoft Visual Studio Solution File, Format Version 12.00
# Visual Studio 15
VisualStudioVersion = 15.0.33529.398
MinimumVisualStudioVersion = 10.0.40219.1
Project("{8BC9CEB8-8B4A-11D0-8D11-00A0C91BC942}") = "UsbBoardLib", "UsbBoardLib\UsbBoardLib.vcxproj", "{577B703E-D026-4EBC-A9B9-045EF1734176}"
EndProject
Project("{8BC9CEB8-8B4A-11D0-8D11-00A0C91BC942}") = "ControlProgram", "ControlProgram\ControlProgram.vcxproj", "{7B1B92AD-DC4A-4030-80BB-1A5E478C39AD}"
	ProjectSection(ProjectDependencies) = postProject
		{577B703E-D026-4EBC-A9B9-045EF1734176} = {577B703E-D026-4EBC-A9B9-045EF1734176}
	EndProjectSection
EndProject
Global
	GlobalSection(SolutionConfigurationPlatforms) = preSolution
		Debug|x86 = Debug|x86
		Release|x86 = Release|x86
	EndGlobalSection
	GlobalSection(ProjectConfigurationPlatforms) = postSolution
		{577B703E-D026-4EBC-A9B9-045EF1734176}.Debug|x86.ActiveCfg = Debug|Win32
		{577B703E-D026-4EBC-A9B9-045EF1734176}.Debug|x86.Build.0 = Debug|Win32
		{577B703E-D026-4EBC-A9B9-045EF1734176}.Release|x86.ActiveCfg = Release|Win32
		{577B703E-D026-4EBC-A9B9-045EF1734176}.Release|x86.Build.0 = Release|Win32
		{7B1B92AD-DC4A-4030-80BB-1A5E478C39AD}.Debug|x86.ActiveCfg = Debug|Win32
		{7B1B92AD-DC4A-4030-80BB-1A5E478C39AD}.Debug|x86.Build.0 = Debug|Win32
		{7B1B92AD-DC4A-4030-80BB-1A5E478C39AD}.Release|x86.ActiveCfg = Release|Win32
		{7B1B92AD-DC4A-4030-80BB-1A5E478C39AD}.Release|x86.Build.0 = Release|Win32
	EndGlobalSection
	GlobalSection(SolutionProperties) = preSolution
		HideSolutionNode = FALSE
	EndGlobalSection
	GlobalSection(ExtensibilityGlobals) = postSolution
		SolutionGuid = {C0DFED44-3C78-4353-AA3F-73C294096759}
	EndGlobalSection
EndGlobal
